
Microsoft Visual Studio Solution File, Format Version 12.00
# Visual Studio Version 17
VisualStudioVersion = 17.5.002.0
MinimumVisualStudioVersion = 10.0.40219.1
Project("{9A19103F-16F7-4668-BE54-9A1E7A4F7556}") = "Atividade", "Atividade.csproj", "{4E682819-C42E-4AAF-895C-4F02A31ACDF0}"
EndProject
Global
	GlobalSection(SolutionConfigurationPlatforms) = preSolution
		Debug|Any CPU = Debug|Any CPU
		Release|Any CPU = Release|Any CPU
	EndGlobalSection
	GlobalSection(ProjectConfigurationPlatforms) = postSolution
		{4E682819-C42E-4AAF-895C-4F02A31ACDF0}.Debug|Any CPU.ActiveCfg = Debug|Any CPU
		{4E682819-C42E-4AAF-895C-4F02A31ACDF0}.Debug|Any CPU.Build.0 = Debug|Any CPU
		{4E682819-C42E-4AAF-895C-4F02A31ACDF0}.Release|Any CPU.ActiveCfg = Release|Any CPU
		{4E682819-C42E-4AAF-895C-4F02A31ACDF0}.Release|Any CPU.Build.0 = Release|Any CPU
	EndGlobalSection
	GlobalSection(SolutionProperties) = preSolution
		HideSolutionNode = FALSE
	EndGlobalSection
	GlobalSection(ExtensibilityGlobals) = postSolution
		SolutionGuid = {2B221C8A-BD9C-4223-9FB6-F59432F9B4FC}
	EndGlobalSection
EndGlobal
